
Microsoft Visual Studio Solution File, Format Version 12.00
# Visual Studio 15
Project("{FAE04EC0-301F-11D3-BF4B-00C04F79EFBC}") = "EmbeddedFont.Android", "EmbeddedFont.Android\EmbeddedFont.Android.csproj", "{32615F96-10F6-4794-8B51-1DD450E2E7EA}"
EndProject
Project("{FAE04EC0-301F-11D3-BF4B-00C04F79EFBC}") = "EmbeddedFont.iOS", "EmbeddedFont.iOS\EmbeddedFont.iOS.csproj", "{F45F5F5A-5C2A-412D-A877-1CF2E5CED4B6}"
EndProject
Project("{FAE04EC0-301F-11D3-BF4B-00C04F79EFBC}") = "EmbeddedFont", "EmbeddedFont\EmbeddedFont.csproj", "{2E2011C9-A658-4A52-A527-D49B06B7FAE7}"
EndProject
Global
	GlobalSection(SolutionConfigurationPlatforms) = preSolution
		Debug|Any CPU = Debug|Any CPU
		Release|Any CPU = Release|Any CPU
		Debug|iPhoneSimulator = Debug|iPhoneSimulator
		Release|iPhoneSimulator = Release|iPhoneSimulator
		Debug|iPhone = Debug|iPhone
		Release|iPhone = Release|iPhone
	EndGlobalSection
	GlobalSection(ProjectConfigurationPlatforms) = postSolution
		{32615F96-10F6-4794-8B51-1DD450E2E7EA}.Debug|Any CPU.ActiveCfg = Debug|Any CPU
		{32615F96-10F6-4794-8B51-1DD450E2E7EA}.Debug|Any CPU.Build.0 = Debug|Any CPU
		{32615F96-10F6-4794-8B51-1DD450E2E7EA}.Release|Any CPU.ActiveCfg = Release|Any CPU
		{32615F96-10F6-4794-8B51-1DD450E2E7EA}.Release|Any CPU.Build.0 = Release|Any CPU
		{32615F96-10F6-4794-8B51-1DD450E2E7EA}.Debug|iPhoneSimulator.ActiveCfg = Debug|Any CPU
		{32615F96-10F6-4794-8B51-1DD450E2E7EA}.Debug|iPhoneSimulator.Build.0 = Debug|Any CPU
		{32615F96-10F6-4794-8B51-1DD450E2E7EA}.Release|iPhoneSimulator.ActiveCfg = Release|Any CPU
		{32615F96-10F6-4794-8B51-1DD450E2E7EA}.Release|iPhoneSimulator.Build.0 = Release|Any CPU
		{32615F96-10F6-4794-8B51-1DD450E2E7EA}.Debug|iPhone.ActiveCfg = Debug|Any CPU
		{32615F96-10F6-4794-8B51-1DD450E2E7EA}.Debug|iPhone.Build.0 = Debug|Any CPU
		{32615F96-10F6-4794-8B51-1DD450E2E7EA}.Release|iPhone.ActiveCfg = Release|Any CPU
		{32615F96-10F6-4794-8B51-1DD450E2E7EA}.Release|iPhone.Build.0 = Release|Any CPU
		{F45F5F5A-5C2A-412D-A877-1CF2E5CED4B6}.Debug|Any CPU.ActiveCfg = Debug|iPhoneSimulator
		{F45F5F5A-5C2A-412D-A877-1CF2E5CED4B6}.Debug|Any CPU.Build.0 = Debug|iPhoneSimulator
		{F45F5F5A-5C2A-412D-A877-1CF2E5CED4B6}.Release|Any CPU.ActiveCfg = Release|iPhoneSimulator
		{F45F5F5A-5C2A-412D-A877-1CF2E5CED4B6}.Release|Any CPU.Build.0 = Release|iPhoneSimulator
		{F45F5F5A-5C2A-412D-A877-1CF2E5CED4B6}.Debug|iPhoneSimulator.ActiveCfg = Debug|iPhoneSimulator
		{F45F5F5A-5C2A-412D-A877-1CF2E5CED4B6}.Debug|iPhoneSimulator.Build.0 = Debug|iPhoneSimulator
		{F45F5F5A-5C2A-412D-A877-1CF2E5CED4B6}.Release|iPhoneSimulator.ActiveCfg = Release|iPhoneSimulator
		{F45F5F5A-5C2A-412D-A877-1CF2E5CED4B6}.Release|iPhoneSimulator.Build.0 = Release|iPhoneSimulator
		{F45F5F5A-5C2A-412D-A877-1CF2E5CED4B6}.Debug|iPhone.ActiveCfg = Debug|iPhone
		{F45F5F5A-5C2A-412D-A877-1CF2E5CED4B6}.Debug|iPhone.Build.0 = Debug|iPhone
		{F45F5F5A-5C2A-412D-A877-1CF2E5CED4B6}.Release|iPhone.ActiveCfg = Release|iPhone
		{F45F5F5A-5C2A-412D-A877-1CF2E5CED4B6}.Release|iPhone.Build.0 = Release|iPhone
		{2E2011C9-A658-4A52-A527-D49B06B7FAE7}.Debug|Any CPU.ActiveCfg = Debug|Any CPU
		{2E2011C9-A658-4A52-A527-D49B06B7FAE7}.Debug|Any CPU.Build.0 = Debug|Any CPU
		{2E2011C9-A658-4A52-A527-D49B06B7FAE7}.Release|Any CPU.ActiveCfg = Release|Any CPU
		{2E2011C9-A658-4A52-A527-D49B06B7FAE7}.Release|Any CPU.Build.0 = Release|Any CPU
		{2E2011C9-A658-4A52-A527-D49B06B7FAE7}.Debug|iPhoneSimulator.ActiveCfg = Debug|Any CPU
		{2E2011C9-A658-4A52-A527-D49B06B7FAE7}.Debug|iPhoneSimulator.Build.0 = Debug|Any CPU
		{2E2011C9-A658-4A52-A527-D49B06B7FAE7}.Release|iPhoneSimulator.ActiveCfg = Release|Any CPU
		{2E2011C9-A658-4A52-A527-D49B06B7FAE7}.Release|iPhoneSimulator.Build.0 = Release|Any CPU
		{2E2011C9-A658-4A52-A527-D49B06B7FAE7}.Debug|iPhone.ActiveCfg = Debug|Any CPU
		{2E2011C9-A658-4A52-A527-D49B06B7FAE7}.Debug|iPhone.Build.0 = Debug|Any CPU
		{2E2011C9-A658-4A52-A527-D49B06B7FAE7}.Release|iPhone.ActiveCfg = Release|Any CPU
		{2E2011C9-A658-4A52-A527-D49B06B7FAE7}.Release|iPhone.Build.0 = Release|Any CPU
	EndGlobalSection
EndGlobal
